
Microsoft Visual Studio Solution File, Format Version 12.00
# Visual Studio 15
VisualStudioVersion = 15.0.28307.168
MinimumVisualStudioVersion = 10.0.40219.1
Project("{8BC9CEB8-8B4A-11D0-8D11-00A0C91BC942}") = "test2", "test2\test2.vcxproj", "{88C7B218-EA68-44BE-8AAA-64B5FBFBE526}"
EndProject
Global
	GlobalSection(SolutionConfigurationPlatforms) = preSolution
		Debug|x64 = Debug|x64
		Debug|x86 = Debug|x86
		Release|x64 = Release|x64
		Release|x86 = Release|x86
	EndGlobalSection
	GlobalSection(ProjectConfigurationPlatforms) = postSolution
		{88C7B218-EA68-44BE-8AAA-64B5FBFBE526}.Debug|x64.ActiveCfg = Debug|x64
		{88C7B218-EA68-44BE-8AAA-64B5FBFBE526}.Debug|x64.Build.0 = Debug|x64
		{88C7B218-EA68-44BE-8AAA-64B5FBFBE526}.Debug|x86.ActiveCfg = Debug|Win32
		{88C7B218-EA68-44BE-8AAA-64B5FBFBE526}.Debug|x86.Build.0 = Debug|Win32
		{88C7B218-EA68-44BE-8AAA-64B5FBFBE526}.Release|x64.ActiveCfg = Release|x64
		{88C7B218-EA68-44BE-8AAA-64B5FBFBE526}.Release|x64.Build.0 = Release|x64
		{88C7B218-EA68-44BE-8AAA-64B5FBFBE526}.Release|x86.ActiveCfg = Release|Win32
		{88C7B218-EA68-44BE-8AAA-64B5FBFBE526}.Release|x86.Build.0 = Release|Win32
	EndGlobalSection
	GlobalSection(SolutionProperties) = preSolution
		HideSolutionNode = FALSE
	EndGlobalSection
	GlobalSection(ExtensibilityGlobals) = postSolution
		SolutionGuid = {FE533EC3-BD8C-4E16-A24D-A5CCD838037B}
	EndGlobalSection
EndGlobal
